
Microsoft Visual Studio Solution File, Format Version 12.00
# Visual Studio Version 17
VisualStudioVersion = 17.1.32328.378
MinimumVisualStudioVersion = 10.0.40219.1
Project("{9A19103F-16F7-4668-BE54-9A1E7A4F7556}") = "Lotus.Core", "Lotus.Core\Lotus.Core.csproj", "{828B0D9A-0810-46CD-B93D-860CDA3F11A2}"
EndProject
Project("{9A19103F-16F7-4668-BE54-9A1E7A4F7556}") = "Lotus.Core.Test", "Lotus.Core.Test\Lotus.Core.Test.csproj", "{747EEC8D-2F4C-4DCD-8D90-D5DF5D1552E3}"
EndProject
Project("{9A19103F-16F7-4668-BE54-9A1E7A4F7556}") = "Lotus.Math", "Lotus.Math\Lotus.Math.csproj", "{B3B42AFB-F1EF-4972-8AFC-E1D4BF77B481}"
EndProject
Project("{9A19103F-16F7-4668-BE54-9A1E7A4F7556}") = "Lotus.Math.Test", "Lotus.Math.Test\Lotus.Math.Test.csproj", "{5001BE74-0F5C-4B66-8DBE-87756F4A22CF}"
EndProject
Project("{9A19103F-16F7-4668-BE54-9A1E7A4F7556}") = "Lotus.Algorithm", "Lotus.Algorithm\Lotus.Algorithm.csproj", "{7BF8739D-D538-43F3-B685-5210D7053F00}"
EndProject
Project("{9A19103F-16F7-4668-BE54-9A1E7A4F7556}") = "Lotus.UnitMeasurement", "Lotus.UnitMeasurement\Lotus.UnitMeasurement.csproj", "{D8FA50A2-1013-4901-B70E-A9E0EEAEC5EB}"
EndProject
Project("{2150E333-8FDC-42A3-9474-1A3956D46DE8}") = "SolutionItems", "SolutionItems", "{A9ED8896-2DCE-47CC-AD9E-7E48B0B38710}"
	ProjectSection(SolutionItems) = preProject
		.editorconfig = .editorconfig
		LICENSE = LICENSE
		README.md = README.md
	EndProjectSection
EndProject
Project("{9A19103F-16F7-4668-BE54-9A1E7A4F7556}") = "Lotus.Object3D", "Lotus.Object3D\Lotus.Object3D.csproj", "{804039DD-E3BA-42D1-A736-01A048DAC94C}"
EndProject
Project("{9A19103F-16F7-4668-BE54-9A1E7A4F7556}") = "Lotus.Repository", "Lotus.Repository\Lotus.Repository.csproj", "{02DBD9E2-35E0-4798-9CE1-B045DE866634}"
EndProject
Project("{9A19103F-16F7-4668-BE54-9A1E7A4F7556}") = "Lotus.Repository.Test", "Lotus.Repository.Test\Lotus.Repository.Test.csproj", "{A3964B1B-E2C9-46C5-8A05-B8B98C8C6EF0}"
EndProject
Global
	GlobalSection(SolutionConfigurationPlatforms) = preSolution
		Debug|Any CPU = Debug|Any CPU
		Publish|Any CPU = Publish|Any CPU
		Release|Any CPU = Release|Any CPU
	EndGlobalSection
	GlobalSection(ProjectConfigurationPlatforms) = postSolution
		{828B0D9A-0810-46CD-B93D-860CDA3F11A2}.Debug|Any CPU.ActiveCfg = Debug|Any CPU
		{828B0D9A-0810-46CD-B93D-860CDA3F11A2}.Debug|Any CPU.Build.0 = Debug|Any CPU
		{828B0D9A-0810-46CD-B93D-860CDA3F11A2}.Publish|Any CPU.ActiveCfg = Publish|Any CPU
		{828B0D9A-0810-46CD-B93D-860CDA3F11A2}.Publish|Any CPU.Build.0 = Publish|Any CPU
		{828B0D9A-0810-46CD-B93D-860CDA3F11A2}.Release|Any CPU.ActiveCfg = Release|Any CPU
		{828B0D9A-0810-46CD-B93D-860CDA3F11A2}.Release|Any CPU.Build.0 = Release|Any CPU
		{747EEC8D-2F4C-4DCD-8D90-D5DF5D1552E3}.Debug|Any CPU.ActiveCfg = Debug|Any CPU
		{747EEC8D-2F4C-4DCD-8D90-D5DF5D1552E3}.Debug|Any CPU.Build.0 = Debug|Any CPU
		{747EEC8D-2F4C-4DCD-8D90-D5DF5D1552E3}.Publish|Any CPU.ActiveCfg = Publish|Any CPU
		{747EEC8D-2F4C-4DCD-8D90-D5DF5D1552E3}.Publish|Any CPU.Build.0 = Publish|Any CPU
		{747EEC8D-2F4C-4DCD-8D90-D5DF5D1552E3}.Release|Any CPU.ActiveCfg = Release|Any CPU
		{747EEC8D-2F4C-4DCD-8D90-D5DF5D1552E3}.Release|Any CPU.Build.0 = Release|Any CPU
		{B3B42AFB-F1EF-4972-8AFC-E1D4BF77B481}.Debug|Any CPU.ActiveCfg = Debug|Any CPU
		{B3B42AFB-F1EF-4972-8AFC-E1D4BF77B481}.Debug|Any CPU.Build.0 = Debug|Any CPU
		{B3B42AFB-F1EF-4972-8AFC-E1D4BF77B481}.Publish|Any CPU.ActiveCfg = Publish|Any CPU
		{B3B42AFB-F1EF-4972-8AFC-E1D4BF77B481}.Publish|Any CPU.Build.0 = Publish|Any CPU
		{B3B42AFB-F1EF-4972-8AFC-E1D4BF77B481}.Release|Any CPU.ActiveCfg = Release|Any CPU
		{B3B42AFB-F1EF-4972-8AFC-E1D4BF77B481}.Release|Any CPU.Build.0 = Release|Any CPU
		{5001BE74-0F5C-4B66-8DBE-87756F4A22CF}.Debug|Any CPU.ActiveCfg = Debug|Any CPU
		{5001BE74-0F5C-4B66-8DBE-87756F4A22CF}.Debug|Any CPU.Build.0 = Debug|Any CPU
		{5001BE74-0F5C-4B66-8DBE-87756F4A22CF}.Publish|Any CPU.ActiveCfg = Publish|Any CPU
		{5001BE74-0F5C-4B66-8DBE-87756F4A22CF}.Publish|Any CPU.Build.0 = Publish|Any CPU
		{5001BE74-0F5C-4B66-8DBE-87756F4A22CF}.Release|Any CPU.ActiveCfg = Release|Any CPU
		{5001BE74-0F5C-4B66-8DBE-87756F4A22CF}.Release|Any CPU.Build.0 = Release|Any CPU
		{7BF8739D-D538-43F3-B685-5210D7053F00}.Debug|Any CPU.ActiveCfg = Debug|Any CPU
		{7BF8739D-D538-43F3-B685-5210D7053F00}.Debug|Any CPU.Build.0 = Debug|Any CPU
		{7BF8739D-D538-43F3-B685-5210D7053F00}.Publish|Any CPU.ActiveCfg = Publish|Any CPU
		{7BF8739D-D538-43F3-B685-5210D7053F00}.Publish|Any CPU.Build.0 = Publish|Any CPU
		{7BF8739D-D538-43F3-B685-5210D7053F00}.Release|Any CPU.ActiveCfg = Release|Any CPU
		{7BF8739D-D538-43F3-B685-5210D7053F00}.Release|Any CPU.Build.0 = Release|Any CPU
		{D8FA50A2-1013-4901-B70E-A9E0EEAEC5EB}.Debug|Any CPU.ActiveCfg = Debug|Any CPU
		{D8FA50A2-1013-4901-B70E-A9E0EEAEC5EB}.Debug|Any CPU.Build.0 = Debug|Any CPU
		{D8FA50A2-1013-4901-B70E-A9E0EEAEC5EB}.Publish|Any CPU.ActiveCfg = Publish|Any CPU
		{D8FA50A2-1013-4901-B70E-A9E0EEAEC5EB}.Publish|Any CPU.Build.0 = Publish|Any CPU
		{D8FA50A2-1013-4901-B70E-A9E0EEAEC5EB}.Release|Any CPU.ActiveCfg = Release|Any CPU
		{D8FA50A2-1013-4901-B70E-A9E0EEAEC5EB}.Release|Any CPU.Build.0 = Release|Any CPU
		{804039DD-E3BA-42D1-A736-01A048DAC94C}.Debug|Any CPU.ActiveCfg = Debug|Any CPU
		{804039DD-E3BA-42D1-A736-01A048DAC94C}.Debug|Any CPU.Build.0 = Debug|Any CPU
		{804039DD-E3BA-42D1-A736-01A048DAC94C}.Publish|Any CPU.ActiveCfg = Publish|Any CPU
		{804039DD-E3BA-42D1-A736-01A048DAC94C}.Publish|Any CPU.Build.0 = Publish|Any CPU
		{804039DD-E3BA-42D1-A736-01A048DAC94C}.Release|Any CPU.ActiveCfg = Release|Any CPU
		{804039DD-E3BA-42D1-A736-01A048DAC94C}.Release|Any CPU.Build.0 = Release|Any CPU
		{02DBD9E2-35E0-4798-9CE1-B045DE866634}.Debug|Any CPU.ActiveCfg = Debug|Any CPU
		{02DBD9E2-35E0-4798-9CE1-B045DE866634}.Debug|Any CPU.Build.0 = Debug|Any CPU
		{02DBD9E2-35E0-4798-9CE1-B045DE866634}.Publish|Any CPU.ActiveCfg = Publish|Any CPU
		{02DBD9E2-35E0-4798-9CE1-B045DE866634}.Publish|Any CPU.Build.0 = Publish|Any CPU
		{02DBD9E2-35E0-4798-9CE1-B045DE866634}.Release|Any CPU.ActiveCfg = Release|Any CPU
		{02DBD9E2-35E0-4798-9CE1-B045DE866634}.Release|Any CPU.Build.0 = Release|Any CPU
		{A3964B1B-E2C9-46C5-8A05-B8B98C8C6EF0}.Debug|Any CPU.ActiveCfg = Debug|Any CPU
		{A3964B1B-E2C9-46C5-8A05-B8B98C8C6EF0}.Debug|Any CPU.Build.0 = Debug|Any CPU
		{A3964B1B-E2C9-46C5-8A05-B8B98C8C6EF0}.Publish|Any CPU.ActiveCfg = Publish|Any CPU
		{A3964B1B-E2C9-46C5-8A05-B8B98C8C6EF0}.Publish|Any CPU.Build.0 = Publish|Any CPU
		{A3964B1B-E2C9-46C5-8A05-B8B98C8C6EF0}.Release|Any CPU.ActiveCfg = Release|Any CPU
		{A3964B1B-E2C9-46C5-8A05-B8B98C8C6EF0}.Release|Any CPU.Build.0 = Release|Any CPU
	EndGlobalSection
	GlobalSection(SolutionProperties) = preSolution
		HideSolutionNode = FALSE
	EndGlobalSection
	GlobalSection(ExtensibilityGlobals) = postSolution
		SolutionGuid = {FE718856-AFBB-4705-B856-572D342FE084}
	EndGlobalSection
EndGlobal
