
Microsoft Visual Studio Solution File, Format Version 12.00
# Visual Studio Version 16
VisualStudioVersion = 16.0.31613.86
MinimumVisualStudioVersion = 10.0.40219.1
Project("{FAE04EC0-301F-11D3-BF4B-00C04F79EFBC}") = "Lotus.UnitMeasurement", "Lotus.UnitMeasurement.csproj", "{EC391816-10BE-4428-9081-8CED891BE870}"
EndProject
Global
	GlobalSection(SolutionConfigurationPlatforms) = preSolution
		Debug|Any CPU = Debug|Any CPU
		Release|Any CPU = Release|Any CPU
	EndGlobalSection
	GlobalSection(ProjectConfigurationPlatforms) = postSolution
		{EC391816-10BE-4428-9081-8CED891BE870}.Debug|Any CPU.ActiveCfg = Debug|Any CPU
		{EC391816-10BE-4428-9081-8CED891BE870}.Debug|Any CPU.Build.0 = Debug|Any CPU
		{EC391816-10BE-4428-9081-8CED891BE870}.Release|Any CPU.ActiveCfg = Release|Any CPU
		{EC391816-10BE-4428-9081-8CED891BE870}.Release|Any CPU.Build.0 = Release|Any CPU
	EndGlobalSection
	GlobalSection(SolutionProperties) = preSolution
		HideSolutionNode = FALSE
	EndGlobalSection
	GlobalSection(ExtensibilityGlobals) = postSolution
		SolutionGuid = {5833CD8A-4BC4-4F4C-A85C-97058314ADCD}
	EndGlobalSection
EndGlobal
